
Microsoft Visual Studio Solution File, Format Version 12.00
# Visual Studio Version 16
VisualStudioVersion = 16.0.30204.135
MinimumVisualStudioVersion = 10.0.40219.1
Project("{8BC9CEB8-8B4A-11D0-8D11-00A0C91BC942}") = "lab 3 oop", "lab 3 oop\lab 3 oop.vcxproj", "{9182898C-E908-47A2-B618-D4B47AA52FAB}"
EndProject
Global
	GlobalSection(SolutionConfigurationPlatforms) = preSolution
		Debug|x64 = Debug|x64
		Debug|x86 = Debug|x86
		Release|x64 = Release|x64
		Release|x86 = Release|x86
	EndGlobalSection
	GlobalSection(ProjectConfigurationPlatforms) = postSolution
		{9182898C-E908-47A2-B618-D4B47AA52FAB}.Debug|x64.ActiveCfg = Debug|x64
		{9182898C-E908-47A2-B618-D4B47AA52FAB}.Debug|x64.Build.0 = Debug|x64
		{9182898C-E908-47A2-B618-D4B47AA52FAB}.Debug|x86.ActiveCfg = Debug|Win32
		{9182898C-E908-47A2-B618-D4B47AA52FAB}.Debug|x86.Build.0 = Debug|Win32
		{9182898C-E908-47A2-B618-D4B47AA52FAB}.Release|x64.ActiveCfg = Release|x64
		{9182898C-E908-47A2-B618-D4B47AA52FAB}.Release|x64.Build.0 = Release|x64
		{9182898C-E908-47A2-B618-D4B47AA52FAB}.Release|x86.ActiveCfg = Release|Win32
		{9182898C-E908-47A2-B618-D4B47AA52FAB}.Release|x86.Build.0 = Release|Win32
	EndGlobalSection
	GlobalSection(SolutionProperties) = preSolution
		HideSolutionNode = FALSE
	EndGlobalSection
	GlobalSection(ExtensibilityGlobals) = postSolution
		SolutionGuid = {C3CF8633-FDE0-443A-B216-D9FBCF730C05}
	EndGlobalSection
EndGlobal
